
Microsoft Visual Studio Solution File, Format Version 12.00
# Visual Studio Version 17
VisualStudioVersion = 17.5.33530.505
MinimumVisualStudioVersion = 10.0.40219.1
Project("{FAE04EC0-301F-11D3-BF4B-00C04F79EFBC}") = "Array", "Array\Array.csproj", "{CC727FD7-1652-4811-8F53-BCDF90724761}"
EndProject
Global
	GlobalSection(SolutionConfigurationPlatforms) = preSolution
		Debug|Any CPU = Debug|Any CPU
		Release|Any CPU = Release|Any CPU
	EndGlobalSection
	GlobalSection(ProjectConfigurationPlatforms) = postSolution
		{CC727FD7-1652-4811-8F53-BCDF90724761}.Debug|Any CPU.ActiveCfg = Debug|Any CPU
		{CC727FD7-1652-4811-8F53-BCDF90724761}.Debug|Any CPU.Build.0 = Debug|Any CPU
		{CC727FD7-1652-4811-8F53-BCDF90724761}.Release|Any CPU.ActiveCfg = Release|Any CPU
		{CC727FD7-1652-4811-8F53-BCDF90724761}.Release|Any CPU.Build.0 = Release|Any CPU
	EndGlobalSection
	GlobalSection(SolutionProperties) = preSolution
		HideSolutionNode = FALSE
	EndGlobalSection
	GlobalSection(ExtensibilityGlobals) = postSolution
		SolutionGuid = {447B4829-F964-4D11-AD3B-B977181DF340}
	EndGlobalSection
EndGlobal
